
Microsoft Visual Studio Solution File, Format Version 12.00
# Visual Studio Version 16
VisualStudioVersion = 16.0.29025.244
MinimumVisualStudioVersion = 10.0.40219.1
Project("{9A19103F-16F7-4668-BE54-9A1E7A4F7556}") = "MISA.MovieStore", "MISA.MovieStore.csproj", "{4ADAA7B7-45D7-488C-BFFA-8E940BE3817B}"
EndProject
Project("{E53339B2-1760-4266-BCC7-CA923CBCF16C}") = "docker-compose", "docker-compose.dcproj", "{FA8AC7C4-EC7C-4237-A9EE-D6719A4B13ED}"
EndProject
Global
	GlobalSection(SolutionConfigurationPlatforms) = preSolution
		Debug|Any CPU = Debug|Any CPU
		Release|Any CPU = Release|Any CPU
	EndGlobalSection
	GlobalSection(ProjectConfigurationPlatforms) = postSolution
		{4ADAA7B7-45D7-488C-BFFA-8E940BE3817B}.Debug|Any CPU.ActiveCfg = Debug|Any CPU
		{4ADAA7B7-45D7-488C-BFFA-8E940BE3817B}.Debug|Any CPU.Build.0 = Debug|Any CPU
		{4ADAA7B7-45D7-488C-BFFA-8E940BE3817B}.Release|Any CPU.ActiveCfg = Release|Any CPU
		{4ADAA7B7-45D7-488C-BFFA-8E940BE3817B}.Release|Any CPU.Build.0 = Release|Any CPU
		{FA8AC7C4-EC7C-4237-A9EE-D6719A4B13ED}.Debug|Any CPU.ActiveCfg = Debug|Any CPU
		{FA8AC7C4-EC7C-4237-A9EE-D6719A4B13ED}.Debug|Any CPU.Build.0 = Debug|Any CPU
		{FA8AC7C4-EC7C-4237-A9EE-D6719A4B13ED}.Release|Any CPU.ActiveCfg = Release|Any CPU
		{FA8AC7C4-EC7C-4237-A9EE-D6719A4B13ED}.Release|Any CPU.Build.0 = Release|Any CPU
	EndGlobalSection
	GlobalSection(SolutionProperties) = preSolution
		HideSolutionNode = FALSE
	EndGlobalSection
	GlobalSection(ExtensibilityGlobals) = postSolution
		SolutionGuid = {4B69AFA1-C363-470A-A41D-2A7A57EEDE54}
	EndGlobalSection
EndGlobal
